
Microsoft Visual Studio Solution File, Format Version 12.00
# Visual Studio Version 17
VisualStudioVersion = 17.8.34511.84
MinimumVisualStudioVersion = 10.0.40219.1
Project("{FAE04EC0-301F-11D3-BF4B-00C04F79EFBC}") = "UTNPruebaJingoAnayeli", "UTNPruebaJingoAnayeli\UTNPruebaJingoAnayeli.csproj", "{B10593FF-B7E2-48DB-995A-0B96AC829B46}"
EndProject
Project("{FAE04EC0-301F-11D3-BF4B-00C04F79EFBC}") = "APIConsumer", "APIConsumer\APIConsumer.csproj", "{06749F6D-3B9A-4C8B-9795-D6369E881252}"
EndProject
Global
	GlobalSection(SolutionConfigurationPlatforms) = preSolution
		Debug|Any CPU = Debug|Any CPU
		Release|Any CPU = Release|Any CPU
	EndGlobalSection
	GlobalSection(ProjectConfigurationPlatforms) = postSolution
		{B10593FF-B7E2-48DB-995A-0B96AC829B46}.Debug|Any CPU.ActiveCfg = Debug|Any CPU
		{B10593FF-B7E2-48DB-995A-0B96AC829B46}.Debug|Any CPU.Build.0 = Debug|Any CPU
		{B10593FF-B7E2-48DB-995A-0B96AC829B46}.Debug|Any CPU.Deploy.0 = Debug|Any CPU
		{B10593FF-B7E2-48DB-995A-0B96AC829B46}.Release|Any CPU.ActiveCfg = Release|Any CPU
		{B10593FF-B7E2-48DB-995A-0B96AC829B46}.Release|Any CPU.Build.0 = Release|Any CPU
		{B10593FF-B7E2-48DB-995A-0B96AC829B46}.Release|Any CPU.Deploy.0 = Release|Any CPU
		{06749F6D-3B9A-4C8B-9795-D6369E881252}.Debug|Any CPU.ActiveCfg = Debug|Any CPU
		{06749F6D-3B9A-4C8B-9795-D6369E881252}.Debug|Any CPU.Build.0 = Debug|Any CPU
		{06749F6D-3B9A-4C8B-9795-D6369E881252}.Release|Any CPU.ActiveCfg = Release|Any CPU
		{06749F6D-3B9A-4C8B-9795-D6369E881252}.Release|Any CPU.Build.0 = Release|Any CPU
	EndGlobalSection
	GlobalSection(SolutionProperties) = preSolution
		HideSolutionNode = FALSE
	EndGlobalSection
	GlobalSection(ExtensibilityGlobals) = postSolution
		SolutionGuid = {BC847C32-344C-4F7C-BA83-24EBC08C9CC3}
	EndGlobalSection
EndGlobal
